<Solution>
  <Folder Name="/src/">
    <Project Path="src/MacroStation.Core/MacroStation.Core.csproj" />
    <Project Path="src/MacroStation.Host/MacroStation.Host.csproj" />
    <Project Path="src/MacroStation.Plugin.Abstractions/MacroStation.Plugin.Abstractions.csproj" />
    <Project Path="src/MacroStation.Protocol/MacroStation.Protocol.csproj" />
    <Project Path="src/MacroStation.Windows/MacroStation.Windows.csproj" />
  </Folder>
  <Folder Name="/tests/">
    <Project Path="tests/MacroStation.Tests/MacroStation.Tests.csproj" />
  </Folder>
</Solution>
